// !$*UTF8*$!
{
	archiveVersion = 1;
	classes = {
	};
	objectVersion = 50;
	objects = {

/* Begin PBXBuildFile section */
		AD9CEEF422C816D800A79A30 /* AppDelegate.swift in Sources */ = {isa = PBXBuildFile; fileRef = AD9CEEF322C816D800A79A30 /* AppDelegate.swift */; };
		AD9CEEF622C816D800A79A30 /* ViewController.swift in Sources */ = {isa = PBXBuildFile; fileRef = AD9CEEF522C816D800A79A30 /* ViewController.swift */; };
		AD9CEEF922C816D800A79A30 /* Main.storyboard in Resources */ = {isa = PBXBuildFile; fileRef = AD9CEEF722C816D800A79A30 /* Main.storyboard */; };
		AD9CEEFB22C816D900A79A30 /* Assets.xcassets in Resources */ = {isa = PBXBuildFile; fileRef = AD9CEEFA22C816D900A79A30 /* Assets.xcassets */; };
		AD9CEEFE22C816D900A79A30 /* LaunchScreen.storyboard in Resources */ = {isa = PBXBuildFile; fileRef = AD9CEEFC22C816D900A79A30 /* LaunchScreen.storyboard */; };
		AD9CEF0922C816D900A79A30 /* SpotifyAlarmTests.swift in Sources */ = {isa = PBXBuildFile; fileRef = AD9CEF0822C816D900A79A30 /* SpotifyAlarmTests.swift */; };
		AD9CEF1422C8450900A79A30 /* SpotifyiOS.framework in Frameworks */ = {isa = PBXBuildFile; fileRef = AD9CEF1322C8450900A79A30 /* SpotifyiOS.framework */; };
/* End PBXBuildFile section */

/* Begin PBXContainerItemProxy section */
		AD9CEF0522C816D900A79A30 /* PBXContainerItemProxy */ = {
			isa = PBXContainerItemProxy;
			containerPortal = AD9CEEE822C816D800A79A30 /* Project object */;
			proxyType = 1;
			remoteGlobalIDString = AD9CEEEF22C816D800A79A30;
			remoteInfo = SpotifyAlarm;
		};
/* End PBXContainerItemProxy section */

/* Begin PBXFileReference section */
		AD1909C222CBEDC100424C68 /* SpotifyAlarm-Bridging-Header.h */ = {isa = PBXFileReference; lastKnownFileType = sourcecode.c.h; path = "SpotifyAlarm-Bridging-Header.h"; sourceTree = "<group>"; };
		AD9CEEF022C816D800A79A30 /* SpotifyAlarm.app */ = {isa = PBXFileReference; explicitFileType = wrapper.application; includeInIndex = 0; path = SpotifyAlarm.app; sourceTree = BUILT_PRODUCTS_DIR; };
		AD9CEEF322C816D800A79A30 /* AppDelegate.swift */ = {isa = PBXFileReference; lastKnownFileType = sourcecode.swift; path = AppDelegate.swift; sourceTree = "<group>"; };
		AD9CEEF522C816D800A79A30 /* ViewController.swift */ = {isa = PBXFileReference; lastKnownFileType = sourcecode.swift; path = ViewController.swift; sourceTree = "<group>"; };
		AD9CEEF822C816D800A79A30 /* Base */ = {isa = PBXFileReference; lastKnownFileType = file.storyboard; name = Base; path = Base.lproj/Main.storyboard; sourceTree = "<group>"; };
		AD9CEEFA22C816D900A79A30 /* Assets.xcassets */ = {isa = PBXFileReference; lastKnownFileType = folder.assetcatalog; path = Assets.xcassets; sourceTree = "<group>"; };
		AD9CEEFD22C816D900A79A30 /* Base */ = {isa = PBXFileReference; lastKnownFileType = file.storyboard; name = Base; path = Base.lproj/LaunchScreen.storyboard; sourceTree = "<group>"; };
		AD9CEEFF22C816D900A79A30 /* Info.plist */ = {isa = PBXFileReference; lastKnownFileType = text.plist.xml; path = Info.plist; sourceTree = "<group>"; };
		AD9CEF0422C816D900A79A30 /* SpotifyAlarmTests.xctest */ = {isa = PBXFileReference; explicitFileType = wrapper.cfbundle; includeInIndex = 0; path = SpotifyAlarmTests.xctest; sourceTree = BUILT_PRODUCTS_DIR; };
		AD9CEF0822C816D900A79A30 /* SpotifyAlarmTests.swift */ = {isa = PBXFileReference; lastKnownFileType = sourcecode.swift; path = SpotifyAlarmTests.swift; sourceTree = "<group>"; };
		AD9CEF0A22C816D900A79A30 /* Info.plist */ = {isa = PBXFileReference; lastKnownFileType = text.plist.xml; path = Info.plist; sourceTree = "<group>"; };
		AD9CEF1322C8450900A79A30 /* SpotifyiOS.framework */ = {isa = PBXFileReference; lastKnownFileType = wrapper.framework; path = SpotifyiOS.framework; sourceTree = "<group>"; };
/* End PBXFileReference section */

/* Begin PBXFrameworksBuildPhase section */
		AD9CEEED22C816D800A79A30 /* Frameworks */ = {
			isa = PBXFrameworksBuildPhase;
			buildActionMask = 2147483647;
			files = (
				AD9CEF1422C8450900A79A30 /* SpotifyiOS.framework in Frameworks */,
			);
			runOnlyForDeploymentPostprocessing = 0;
		};
		AD9CEF0122C816D900A79A30 /* Frameworks */ = {
			isa = PBXFrameworksBuildPhase;
			buildActionMask = 2147483647;
			files = (
			);
			runOnlyForDeploymentPostprocessing = 0;
		};
/* End PBXFrameworksBuildPhase section */

/* Begin PBXGroup section */
		AD9CEEE722C816D800A79A30 = {
			isa = PBXGroup;
			children = (
				AD9CEEF222C816D800A79A30 /* SpotifyAlarm */,
				AD9CEF0722C816D900A79A30 /* SpotifyAlarmTests */,
				AD9CEEF122C816D800A79A30 /* Products */,
				AD9CEF1322C8450900A79A30 /* SpotifyiOS.framework */,
			);
			sourceTree = "<group>";
		};
		AD9CEEF122C816D800A79A30 /* Products */ = {
			isa = PBXGroup;
			children = (
				AD9CEEF022C816D800A79A30 /* SpotifyAlarm.app */,
				AD9CEF0422C816D900A79A30 /* SpotifyAlarmTests.xctest */,
			);
			name = Products;
			sourceTree = "<group>";
		};
		AD9CEEF222C816D800A79A30 /* SpotifyAlarm */ = {
			isa = PBXGroup;
			children = (
				AD9CEEF322C816D800A79A30 /* AppDelegate.swift */,
				AD1909C222CBEDC100424C68 /* SpotifyAlarm-Bridging-Header.h */,
				AD9CEEF522C816D800A79A30 /* ViewController.swift */,
				AD9CEEF722C816D800A79A30 /* Main.storyboard */,
				AD9CEEFA22C816D900A79A30 /* Assets.xcassets */,
				AD9CEEFC22C816D900A79A30 /* LaunchScreen.storyboard */,
				AD9CEEFF22C816D900A79A30 /* Info.plist */,
			);
			path = SpotifyAlarm;
			sourceTree = "<group>";
		};
		AD9CEF0722C816D900A79A30 /* SpotifyAlarmTests */ = {
			isa = PBXGroup;
			children = (
				AD9CEF0822C816D900A79A30 /* SpotifyAlarmTests.swift */,
				AD9CEF0A22C816D900A79A30 /* Info.plist */,
			);
			path = SpotifyAlarmTests;
			sourceTree = "<group>";
		};
/* End PBXGroup section */

/* Begin PBXNativeTarget section */
		AD9CEEEF22C816D800A79A30 /* SpotifyAlarm */ = {
			isa = PBXNativeTarget;
			buildConfigurationList = AD9CEF0D22C816D900A79A30 /* Build configuration list for PBXNativeTarget "SpotifyAlarm" */;
			buildPhases = (
				AD9CEEEC22C816D800A79A30 /* Sources */,
				AD9CEEED22C816D800A79A30 /* Frameworks */,
				AD9CEEEE22C816D800A79A30 /* Resources */,
			);
			buildRules = (
			);
			dependencies = (
			);
			name = SpotifyAlarm;
			productName = SpotifyAlarm;
			productReference = AD9CEEF022C816D800A79A30 /* SpotifyAlarm.app */;
			productType = "com.apple.product-type.application";
		};
		AD9CEF0322C816D900A79A30 /* SpotifyAlarmTests */ = {
			isa = PBXNativeTarget;
			buildConfigurationList = AD9CEF1022C816D900A79A30 /* Build configuration list for PBXNativeTarget "SpotifyAlarmTests" */;
			buildPhases = (
				AD9CEF0022C816D900A79A30 /* Sources */,
				AD9CEF0122C816D900A79A30 /* Frameworks */,
				AD9CEF0222C816D900A79A30 /* Resources */,
			);
			buildRules = (
			);
			dependencies = (
				AD9CEF0622C816D900A79A30 /* PBXTargetDependency */,
			);
			name = SpotifyAlarmTests;
			productName = SpotifyAlarmTests;
			productReference = AD9CEF0422C816D900A79A30 /* SpotifyAlarmTests.xctest */;
			productType = "com.apple.product-type.bundle.unit-test";
		};
/* End PBXNativeTarget section */

/* Begin PBXProject section */
		AD9CEEE822C816D800A79A30 /* Project object */ = {
			isa = PBXProject;
			attributes = {
				LastSwiftUpdateCheck = 1020;
				LastUpgradeCheck = 1020;
				ORGANIZATIONNAME = "Steven Chen";
				TargetAttributes = {
					AD9CEEEF22C816D800A79A30 = {
						CreatedOnToolsVersion = 10.2.1;
						LastSwiftMigration = 1020;
					};
					AD9CEF0322C816D900A79A30 = {
						CreatedOnToolsVersion = 10.2.1;
						TestTargetID = AD9CEEEF22C816D800A79A30;
					};
				};
			};
			buildConfigurationList = AD9CEEEB22C816D800A79A30 /* Build configuration list for PBXProject "SpotifyAlarm" */;
			compatibilityVersion = "Xcode 9.3";
			developmentRegion = en;
			hasScannedForEncodings = 0;
			knownRegions = (
				en,
				Base,
			);
			mainGroup = AD9CEEE722C816D800A79A30;
			productRefGroup = AD9CEEF122C816D800A79A30 /* Products */;
			projectDirPath = "";
			projectRoot = "";
			targets = (
				AD9CEEEF22C816D800A79A30 /* SpotifyAlarm */,
				AD9CEF0322C816D900A79A30 /* SpotifyAlarmTests */,
			);
		};
/* End PBXProject section */

/* Begin PBXResourcesBuildPhase section */
		AD9CEEEE22C816D800A79A30 /* Resources */ = {
			isa = PBXResourcesBuildPhase;
			buildActionMask = 2147483647;
			files = (
				AD9CEEFE22C816D900A79A30 /* LaunchScreen.storyboard in Resources */,
				AD9CEEFB22C816D900A79A30 /* Assets.xcassets in Resources */,
				AD9CEEF922C816D800A79A30 /* Main.storyboard in Resources */,
			);
			runOnlyForDeploymentPostprocessing = 0;
		};
		AD9CEF0222C816D900A79A30 /* Resources */ = {
			isa = PBXResourcesBuildPhase;
			buildActionMask = 2147483647;
			files = (
			);
			runOnlyForDeploymentPostprocessing = 0;
		};
/* End PBXResourcesBuildPhase section */

/* Begin PBXSourcesBuildPhase section */
		AD9CEEEC22C816D800A79A30 /* Sources */ = {
			isa = PBXSourcesBuildPhase;
			buildActionMask = 2147483647;
			files = (
				AD9CEEF622C816D800A79A30 /* ViewController.swift in Sources */,
				AD9CEEF422C816D800A79A30 /* AppDelegate.swift in Sources */,
			);
			runOnlyForDeploymentPostprocessing = 0;
		};
		AD9CEF0022C816D900A79A30 /* Sources */ = {
			isa = PBXSourcesBuildPhase;
			buildActionMask = 2147483647;
			files = (
				AD9CEF0922C816D900A79A30 /* SpotifyAlarmTests.swift in Sources */,
			);
			runOnlyForDeploymentPostprocessing = 0;
		};
/* End PBXSourcesBuildPhase section */

/* Begin PBXTargetDependency section */
		AD9CEF0622C816D900A79A30 /* PBXTargetDependency */ = {
			isa = PBXTargetDependency;
			target = AD9CEEEF22C816D800A79A30 /* SpotifyAlarm */;
			targetProxy = AD9CEF0522C816D900A79A30 /* PBXContainerItemProxy */;
		};
/* End PBXTargetDependency section */

/* Begin PBXVariantGroup section */
		AD9CEEF722C816D800A79A30 /* Main.storyboard */ = {
			isa = PBXVariantGroup;
			children = (
				AD9CEEF822C816D800A79A30 /* Base */,
			);
			name = Main.storyboard;
			sourceTree = "<group>";
		};
		AD9CEEFC22C816D900A79A30 /* LaunchScreen.storyboard */ = {
			isa = PBXVariantGroup;
			children = (
				AD9CEEFD22C816D900A79A30 /* Base */,
			);
			name = LaunchScreen.storyboard;
			sourceTree = "<group>";
		};
/* End PBXVariantGroup section */

/* Begin XCBuildConfiguration section */
		AD9CEF0B22C816D900A79A30 /* Debug */ = {
			isa = XCBuildConfiguration;
			buildSettings = {
				ALWAYS_SEARCH_USER_PATHS = NO;
				CLANG_ANALYZER_NONNULL = YES;
				CLANG_ANALYZER_NUMBER_OBJECT_CONVERSION = YES_AGGRESSIVE;
				CLANG_CXX_LANGUAGE_STANDARD = "gnu++14";
				CLANG_CXX_LIBRARY = "libc++";
				CLANG_ENABLE_MODULES = YES;
				CLANG_ENABLE_OBJC_ARC = YES;
				CLANG_ENABLE_OBJC_WEAK = YES;
				CLANG_WARN_BLOCK_CAPTURE_AUTORELEASING = YES;
				CLANG_WARN_BOOL_CONVERSION = YES;
				CLANG_WARN_COMMA = YES;
				CLANG_WARN_CONSTANT_CONVERSION = YES;
				CLANG_WARN_DEPRECATED_OBJC_IMPLEMENTATIONS = YES;
				CLANG_WARN_DIRECT_OBJC_ISA_USAGE = YES_ERROR;
				CLANG_WARN_DOCUMENTATION_COMMENTS = YES;
				CLANG_WARN_EMPTY_BODY = YES;
				CLANG_WARN_ENUM_CONVERSION = YES;
				CLANG_WARN_INFINITE_RECURSION = YES;
				CLANG_WARN_INT_CONVERSION = YES;
				CLANG_WARN_NON_LITERAL_NULL_CONVERSION = YES;
				CLANG_WARN_OBJC_IMPLICIT_RETAIN_SELF = YES;
				CLANG_WARN_OBJC_LITERAL_CONVERSION = YES;
				CLANG_WARN_OBJC_ROOT_CLASS = YES_ERROR;
				CLANG_WARN_RANGE_LOOP_ANALYSIS = YES;
				CLANG_WARN_STRICT_PROTOTYPES = YES;
				CLANG_WARN_SUSPICIOUS_MOVE = YES;
				CLANG_WARN_UNGUARDED_AVAILABILITY = YES_AGGRESSIVE;
				CLANG_WARN_UNREACHABLE_CODE = YES;
				CLANG_WARN__DUPLICATE_METHOD_MATCH = YES;
				CODE_SIGN_IDENTITY = "iPhone Developer";
				COPY_PHASE_STRIP = NO;
				DEBUG_INFORMATION_FORMAT = dwarf;
				ENABLE_STRICT_OBJC_MSGSEND = YES;
				ENABLE_TESTABILITY = YES;
				GCC_C_LANGUAGE_STANDARD = gnu11;
				GCC_DYNAMIC_NO_PIC = NO;
				GCC_NO_COMMON_BLOCKS = YES;
				GCC_OPTIMIZATION_LEVEL = 0;
				GCC_PREPROCESSOR_DEFINITIONS = (
					"DEBUG=1",
					"$(inherited)",
				);
				GCC_WARN_64_TO_32_BIT_CONVERSION = YES;
				GCC_WARN_ABOUT_RETURN_TYPE = YES_ERROR;
				GCC_WARN_UNDECLARED_SELECTOR = YES;
				GCC_WARN_UNINITIALIZED_AUTOS = YES_AGGRESSIVE;
				GCC_WARN_UNUSED_FUNCTION = YES;
				GCC_WARN_UNUSED_VARIABLE = YES;
				IPHONEOS_DEPLOYMENT_TARGET = 12.2;
				MTL_ENABLE_DEBUG_INFO = INCLUDE_SOURCE;
				MTL_FAST_MATH = YES;
				ONLY_ACTIVE_ARCH = YES;
				SDKROOT = iphoneos;
				SWIFT_ACTIVE_COMPILATION_CONDITIONS = DEBUG;
				SWIFT_OPTIMIZATION_LEVEL = "-Onone";
			};
			name = Debug;
		};
		AD9CEF0C22C816D900A79A30 /* Release */ = {
			isa = XCBuildConfiguration;
			buildSettings = {
				ALWAYS_SEARCH_USER_PATHS = NO;
				CLANG_ANALYZER_NONNULL = YES;
				CLANG_ANALYZER_NUMBER_OBJECT_CONVERSION = YES_AGGRESSIVE;
				CLANG_CXX_LANGUAGE_STANDARD = "gnu++14";
				CLANG_CXX_LIBRARY = "libc++";
				CLANG_ENABLE_MODULES = YES;
				CLANG_ENABLE_OBJC_ARC = YES;
				CLANG_ENABLE_OBJC_WEAK = YES;
				CLANG_WARN_BLOCK_CAPTURE_AUTORELEASING = YES;
				CLANG_WARN_BOOL_CONVERSION = YES;
				CLANG_WARN_COMMA = YES;
				CLANG_WARN_CONSTANT_CONVERSION = YES;
				CLANG_WARN_DEPRECATED_OBJC_IMPLEMENTATIONS = YES;
				CLANG_WARN_DIRECT_OBJC_ISA_USAGE = YES_ERROR;
				CLANG_WARN_DOCUMENTATION_COMMENTS = YES;
				CLANG_WARN_EMPTY_BODY = YES;
				CLANG_WARN_ENUM_CONVERSION = YES;
				CLANG_WARN_INFINITE_RECURSION = YES;
				CLANG_WARN_INT_CONVERSION = YES;
				CLANG_WARN_NON_LITERAL_NULL_CONVERSION = YES;
				CLANG_WARN_OBJC_IMPLICIT_RETAIN_SELF = YES;
				CLANG_WARN_OBJC_LITERAL_CONVERSION = YES;
				CLANG_WARN_OBJC_ROOT_CLASS = YES_ERROR;
				CLANG_WARN_RANGE_LOOP_ANALYSIS = YES;
				CLANG_WARN_STRICT_PROTOTYPES = YES;
				CLANG_WARN_SUSPICIOUS_MOVE = YES;
				CLANG_WARN_UNGUARDED_AVAILABILITY = YES_AGGRESSIVE;
				CLANG_WARN_UNREACHABLE_CODE = YES;
				CLANG_WARN__DUPLICATE_METHOD_MATCH = YES;
				CODE_SIGN_IDENTITY = "iPhone Developer";
				COPY_PHASE_STRIP = NO;
				DEBUG_INFORMATION_FORMAT = "dwarf-with-dsym";
				ENABLE_NS_ASSERTIONS = NO;
				ENABLE_STRICT_OBJC_MSGSEND = YES;
				GCC_C_LANGUAGE_STANDARD = gnu11;
				GCC_NO_COMMON_BLOCKS = YES;
				GCC_WARN_64_TO_32_BIT_CONVERSION = YES;
				GCC_WARN_ABOUT_RETURN_TYPE = YES_ERROR;
				GCC_WARN_UNDECLARED_SELECTOR = YES;
				GCC_WARN_UNINITIALIZED_AUTOS = YES_AGGRESSIVE;
				GCC_WARN_UNUSED_FUNCTION = YES;
				GCC_WARN_UNUSED_VARIABLE = YES;
				IPHONEOS_DEPLOYMENT_TARGET = 12.2;
				MTL_ENABLE_DEBUG_INFO = NO;
				MTL_FAST_MATH = YES;
				SDKROOT = iphoneos;
				SWIFT_COMPILATION_MODE = wholemodule;
				SWIFT_OPTIMIZATION_LEVEL = "-O";
				VALIDATE_PRODUCT = YES;
			};
			name = Release;
		};
		AD9CEF0E22C816D900A79A30 /* Debug */ = {
			isa = XCBuildConfiguration;
			buildSettings = {
				ASSETCATALOG_COMPILER_APPICON_NAME = AppIcon;
				CLANG_ENABLE_MODULES = YES;
				CODE_SIGN_STYLE = Automatic;
				DEVELOPMENT_TEAM = U77TX4M2HY;
				FRAMEWORK_SEARCH_PATHS = (
					"$(inherited)",
					"$(PROJECT_DIR)",
				);
				INFOPLIST_FILE = SpotifyAlarm/Info.plist;
				LD_RUNPATH_SEARCH_PATHS = (
					"$(inherited)",
					"@executable_path/Frameworks",
				);
				OTHER_LDFLAGS = "-ObjC";
				PRODUCT_BUNDLE_IDENTIFIER = com.StevenChen.SpotifyAlarm;
				PRODUCT_NAME = "$(TARGET_NAME)";
				SWIFT_OBJC_BRIDGING_HEADER = "SpotifyAlarm/SpotifyAlarm-Bridging-Header.h";
				SWIFT_OPTIMIZATION_LEVEL = "-Onone";
				SWIFT_VERSION = 5.0;
				TARGETED_DEVICE_FAMILY = "1,2";
			};
			name = Debug;
		};
		AD9CEF0F22C816D900A79A30 /* Release */ = {
			isa = XCBuildConfiguration;
			buildSettings = {
				ASSETCATALOG_COMPILER_APPICON_NAME = AppIcon;
				CLANG_ENABLE_MODULES = YES;
				CODE_SIGN_STYLE = Automatic;
				DEVELOPMENT_TEAM = U77TX4M2HY;
				FRAMEWORK_SEARCH_PATHS = (
					"$(inherited)",
					"$(PROJECT_DIR)",
				);
				INFOPLIST_FILE = SpotifyAlarm/Info.plist;
				LD_RUNPATH_SEARCH_PATHS = (
					"$(inherited)",
					"@executable_path/Frameworks",
				);
				OTHER_LDFLAGS = "-ObjC";
				PRODUCT_BUNDLE_IDENTIFIER = com.StevenChen.SpotifyAlarm;
				PRODUCT_NAME = "$(TARGET_NAME)";
				SWIFT_OBJC_BRIDGING_HEADER = "SpotifyAlarm/SpotifyAlarm-Bridging-Header.h";
				SWIFT_VERSION = 5.0;
				TARGETED_DEVICE_FAMILY = "1,2";
			};
			name = Release;
		};
		AD9CEF1122C816D900A79A30 /* Debug */ = {
			isa = XCBuildConfiguration;
			buildSettings = {
				ALWAYS_EMBED_SWIFT_STANDARD_LIBRARIES = YES;
				BUNDLE_LOADER = "$(TEST_HOST)";
				CODE_SIGN_STYLE = Automatic;
				DEVELOPMENT_TEAM = U77TX4M2HY;
				INFOPLIST_FILE = SpotifyAlarmTests/Info.plist;
				LD_RUNPATH_SEARCH_PATHS = (
					"$(inherited)",
					"@executable_path/Frameworks",
					"@loader_path/Frameworks",
				);
				PRODUCT_BUNDLE_IDENTIFIER = com.StevenChen.SpotifyAlarmTests;
				PRODUCT_NAME = "$(TARGET_NAME)";
				SWIFT_VERSION = 5.0;
				TARGETED_DEVICE_FAMILY = "1,2";
				TEST_HOST = "$(BUILT_PRODUCTS_DIR)/SpotifyAlarm.app/SpotifyAlarm";
			};
			name = Debug;
		};
		AD9CEF1222C816D900A79A30 /* Release */ = {
			isa = XCBuildConfiguration;
			buildSettings = {
				ALWAYS_EMBED_SWIFT_STANDARD_LIBRARIES = YES;
				BUNDLE_LOADER = "$(TEST_HOST)";
				CODE_SIGN_STYLE = Automatic;
				DEVELOPMENT_TEAM = U77TX4M2HY;
				INFOPLIST_FILE = SpotifyAlarmTests/Info.plist;
				LD_RUNPATH_SEARCH_PATHS = (
					"$(inherited)",
					"@executable_path/Frameworks",
					"@loader_path/Frameworks",
				);
				PRODUCT_BUNDLE_IDENTIFIER = com.StevenChen.SpotifyAlarmTests;
				PRODUCT_NAME = "$(TARGET_NAME)";
				SWIFT_VERSION = 5.0;
				TARGETED_DEVICE_FAMILY = "1,2";
				TEST_HOST = "$(BUILT_PRODUCTS_DIR)/SpotifyAlarm.app/SpotifyAlarm";
			};
			name = Release;
		};
/* End XCBuildConfiguration section */

/* Begin XCConfigurationList section */
		AD9CEEEB22C816D800A79A30 /* Build configuration list for PBXProject "SpotifyAlarm" */ = {
			isa = XCConfigurationList;
			buildConfigurations = (
				AD9CEF0B22C816D900A79A30 /* Debug */,
				AD9CEF0C22C816D900A79A30 /* Release */,
			);
			defaultConfigurationIsVisible = 0;
			defaultConfigurationName = Release;
		};
		AD9CEF0D22C816D900A79A30 /* Build configuration list for PBXNativeTarget "SpotifyAlarm" */ = {
			isa = XCConfigurationList;
			buildConfigurations = (
				AD9CEF0E22C816D900A79A30 /* Debug */,
				AD9CEF0F22C816D900A79A30 /* Release */,
			);
			defaultConfigurationIsVisible = 0;
			defaultConfigurationName = Release;
		};
		AD9CEF1022C816D900A79A30 /* Build configuration list for PBXNativeTarget "SpotifyAlarmTests" */ = {
			isa = XCConfigurationList;
			buildConfigurations = (
				AD9CEF1122C816D900A79A30 /* Debug */,
				AD9CEF1222C816D900A79A30 /* Release */,
			);
			defaultConfigurationIsVisible = 0;
			defaultConfigurationName = Release;
		};
/* End XCConfigurationList section */
	};
	rootObject = AD9CEEE822C816D800A79A30 /* Project object */;
}
